// !$*UTF8*$!
{
	archiveVersion = 1;
	classes = {
	};
	objectVersion = 55;
	objects = {

/* Begin PBXBuildFile section */
		BCA1E500288318FB00242800 /* AppDelegate.swift in Sources */ = {isa = PBXBuildFile; fileRef = BCA1E4FF288318FB00242800 /* AppDelegate.swift */; };
		BCA1E502288318FB00242800 /* SceneDelegate.swift in Sources */ = {isa = PBXBuildFile; fileRef = BCA1E501288318FB00242800 /* SceneDelegate.swift */; };
		BCA1E504288318FB00242800 /* TaskListVC.swift in Sources */ = {isa = PBXBuildFile; fileRef = BCA1E503288318FB00242800 /* TaskListVC.swift */; };
		BCA1E507288318FB00242800 /* Main.storyboard in Resources */ = {isa = PBXBuildFile; fileRef = BCA1E505288318FB00242800 /* Main.storyboard */; };
		BCA1E509288318FC00242800 /* Assets.xcassets in Resources */ = {isa = PBXBuildFile; fileRef = BCA1E508288318FC00242800 /* Assets.xcassets */; };
		BCA1E50C288318FC00242800 /* LaunchScreen.storyboard in Resources */ = {isa = PBXBuildFile; fileRef = BCA1E50A288318FC00242800 /* LaunchScreen.storyboard */; };
		BCA1E517288318FD00242800 /* ToDoAppTests.swift in Sources */ = {isa = PBXBuildFile; fileRef = BCA1E516288318FD00242800 /* ToDoAppTests.swift */; };
		BCA1E521288318FD00242800 /* ToDoAppUITests.swift in Sources */ = {isa = PBXBuildFile; fileRef = BCA1E520288318FD00242800 /* ToDoAppUITests.swift */; };
		BCA1E523288318FD00242800 /* ToDoAppUITestsLaunchTests.swift in Sources */ = {isa = PBXBuildFile; fileRef = BCA1E522288318FD00242800 /* ToDoAppUITestsLaunchTests.swift */; };
		BCA1E53028831B4E00242800 /* TaskTests.swift in Sources */ = {isa = PBXBuildFile; fileRef = BCA1E52F28831B4E00242800 /* TaskTests.swift */; };
		BCA1E53328831C8B00242800 /* TaskModel.swift in Sources */ = {isa = PBXBuildFile; fileRef = BCA1E53228831C8B00242800 /* TaskModel.swift */; };
		BCA1E53728840A6800242800 /* LocationModel.swift in Sources */ = {isa = PBXBuildFile; fileRef = BCA1E53628840A6800242800 /* LocationModel.swift */; };
		BCA1E53928840DFD00242800 /* LocationTests.swift in Sources */ = {isa = PBXBuildFile; fileRef = BCA1E53828840DFD00242800 /* LocationTests.swift */; };
		BCA1E53B288418CA00242800 /* TaskManager.swift in Sources */ = {isa = PBXBuildFile; fileRef = BCA1E53A288418CA00242800 /* TaskManager.swift */; };
		BCA1E53D2884191700242800 /* TaskManagerTests.swift in Sources */ = {isa = PBXBuildFile; fileRef = BCA1E53C2884191700242800 /* TaskManagerTests.swift */; };
		BCA1E5402885AB7F00242800 /* TaskListVCTests.swift in Sources */ = {isa = PBXBuildFile; fileRef = BCA1E53F2885AB7F00242800 /* TaskListVCTests.swift */; };
/* End PBXBuildFile section */

/* Begin PBXContainerItemProxy section */
		BCA1E513288318FD00242800 /* PBXContainerItemProxy */ = {
			isa = PBXContainerItemProxy;
			containerPortal = BCA1E4F4288318FA00242800 /* Project object */;
			proxyType = 1;
			remoteGlobalIDString = BCA1E4FB288318FB00242800;
			remoteInfo = ToDoApp;
		};
		BCA1E51D288318FD00242800 /* PBXContainerItemProxy */ = {
			isa = PBXContainerItemProxy;
			containerPortal = BCA1E4F4288318FA00242800 /* Project object */;
			proxyType = 1;
			remoteGlobalIDString = BCA1E4FB288318FB00242800;
			remoteInfo = ToDoApp;
		};
/* End PBXContainerItemProxy section */

/* Begin PBXFileReference section */
		BCA1E4FC288318FB00242800 /* ToDoApp.app */ = {isa = PBXFileReference; explicitFileType = wrapper.application; includeInIndex = 0; path = ToDoApp.app; sourceTree = BUILT_PRODUCTS_DIR; };
		BCA1E4FF288318FB00242800 /* AppDelegate.swift */ = {isa = PBXFileReference; lastKnownFileType = sourcecode.swift; path = AppDelegate.swift; sourceTree = "<group>"; };
		BCA1E501288318FB00242800 /* SceneDelegate.swift */ = {isa = PBXFileReference; lastKnownFileType = sourcecode.swift; path = SceneDelegate.swift; sourceTree = "<group>"; };
		BCA1E503288318FB00242800 /* TaskListVC.swift */ = {isa = PBXFileReference; lastKnownFileType = sourcecode.swift; path = TaskListVC.swift; sourceTree = "<group>"; };
		BCA1E506288318FB00242800 /* Base */ = {isa = PBXFileReference; lastKnownFileType = file.storyboard; name = Base; path = Base.lproj/Main.storyboard; sourceTree = "<group>"; };
		BCA1E508288318FC00242800 /* Assets.xcassets */ = {isa = PBXFileReference; lastKnownFileType = folder.assetcatalog; path = Assets.xcassets; sourceTree = "<group>"; };
		BCA1E50B288318FC00242800 /* Base */ = {isa = PBXFileReference; lastKnownFileType = file.storyboard; name = Base; path = Base.lproj/LaunchScreen.storyboard; sourceTree = "<group>"; };
		BCA1E50D288318FC00242800 /* Info.plist */ = {isa = PBXFileReference; lastKnownFileType = text.plist.xml; path = Info.plist; sourceTree = "<group>"; };
		BCA1E512288318FD00242800 /* ToDoAppTests.xctest */ = {isa = PBXFileReference; explicitFileType = wrapper.cfbundle; includeInIndex = 0; path = ToDoAppTests.xctest; sourceTree = BUILT_PRODUCTS_DIR; };
		BCA1E516288318FD00242800 /* ToDoAppTests.swift */ = {isa = PBXFileReference; lastKnownFileType = sourcecode.swift; path = ToDoAppTests.swift; sourceTree = "<group>"; };
		BCA1E51C288318FD00242800 /* ToDoAppUITests.xctest */ = {isa = PBXFileReference; explicitFileType = wrapper.cfbundle; includeInIndex = 0; path = ToDoAppUITests.xctest; sourceTree = BUILT_PRODUCTS_DIR; };
		BCA1E520288318FD00242800 /* ToDoAppUITests.swift */ = {isa = PBXFileReference; lastKnownFileType = sourcecode.swift; path = ToDoAppUITests.swift; sourceTree = "<group>"; };
		BCA1E522288318FD00242800 /* ToDoAppUITestsLaunchTests.swift */ = {isa = PBXFileReference; lastKnownFileType = sourcecode.swift; path = ToDoAppUITestsLaunchTests.swift; sourceTree = "<group>"; };
		BCA1E52F28831B4E00242800 /* TaskTests.swift */ = {isa = PBXFileReference; lastKnownFileType = sourcecode.swift; path = TaskTests.swift; sourceTree = "<group>"; };
		BCA1E53228831C8B00242800 /* TaskModel.swift */ = {isa = PBXFileReference; lastKnownFileType = sourcecode.swift; path = TaskModel.swift; sourceTree = "<group>"; };
		BCA1E53628840A6800242800 /* LocationModel.swift */ = {isa = PBXFileReference; lastKnownFileType = sourcecode.swift; path = LocationModel.swift; sourceTree = "<group>"; };
		BCA1E53828840DFD00242800 /* LocationTests.swift */ = {isa = PBXFileReference; lastKnownFileType = sourcecode.swift; path = LocationTests.swift; sourceTree = "<group>"; };
		BCA1E53A288418CA00242800 /* TaskManager.swift */ = {isa = PBXFileReference; lastKnownFileType = sourcecode.swift; path = TaskManager.swift; sourceTree = "<group>"; };
		BCA1E53C2884191700242800 /* TaskManagerTests.swift */ = {isa = PBXFileReference; lastKnownFileType = sourcecode.swift; path = TaskManagerTests.swift; sourceTree = "<group>"; };
		BCA1E53F2885AB7F00242800 /* TaskListVCTests.swift */ = {isa = PBXFileReference; lastKnownFileType = sourcecode.swift; path = TaskListVCTests.swift; sourceTree = "<group>"; };
/* End PBXFileReference section */

/* Begin PBXFrameworksBuildPhase section */
		BCA1E4F9288318FB00242800 /* Frameworks */ = {
			isa = PBXFrameworksBuildPhase;
			buildActionMask = 2147483647;
			files = (
			);
			runOnlyForDeploymentPostprocessing = 0;
		};
		BCA1E50F288318FD00242800 /* Frameworks */ = {
			isa = PBXFrameworksBuildPhase;
			buildActionMask = 2147483647;
			files = (
			);
			runOnlyForDeploymentPostprocessing = 0;
		};
		BCA1E519288318FD00242800 /* Frameworks */ = {
			isa = PBXFrameworksBuildPhase;
			buildActionMask = 2147483647;
			files = (
			);
			runOnlyForDeploymentPostprocessing = 0;
		};
/* End PBXFrameworksBuildPhase section */

/* Begin PBXGroup section */
		BCA1E4F3288318FA00242800 = {
			isa = PBXGroup;
			children = (
				BCA1E4FE288318FB00242800 /* ToDoApp */,
				BCA1E515288318FD00242800 /* ToDoAppTests */,
				BCA1E51F288318FD00242800 /* ToDoAppUITests */,
				BCA1E4FD288318FB00242800 /* Products */,
			);
			sourceTree = "<group>";
		};
		BCA1E4FD288318FB00242800 /* Products */ = {
			isa = PBXGroup;
			children = (
				BCA1E4FC288318FB00242800 /* ToDoApp.app */,
				BCA1E512288318FD00242800 /* ToDoAppTests.xctest */,
				BCA1E51C288318FD00242800 /* ToDoAppUITests.xctest */,
			);
			name = Products;
			sourceTree = "<group>";
		};
		BCA1E4FE288318FB00242800 /* ToDoApp */ = {
			isa = PBXGroup;
			children = (
				BCA1E53528831CAD00242800 /* Controller */,
				BCA1E53428831CA400242800 /* Model */,
				BCA1E4FF288318FB00242800 /* AppDelegate.swift */,
				BCA1E53A288418CA00242800 /* TaskManager.swift */,
				BCA1E501288318FB00242800 /* SceneDelegate.swift */,
				BCA1E505288318FB00242800 /* Main.storyboard */,
				BCA1E508288318FC00242800 /* Assets.xcassets */,
				BCA1E50A288318FC00242800 /* LaunchScreen.storyboard */,
				BCA1E50D288318FC00242800 /* Info.plist */,
			);
			path = ToDoApp;
			sourceTree = "<group>";
		};
		BCA1E515288318FD00242800 /* ToDoAppTests */ = {
			isa = PBXGroup;
			children = (
				BCA1E516288318FD00242800 /* ToDoAppTests.swift */,
				BCA1E5412885AB8B00242800 /* Controller */,
				BCA1E53E2884192300242800 /* Manager */,
				BCA1E53128831C6F00242800 /* Model */,
			);
			path = ToDoAppTests;
			sourceTree = "<group>";
		};
		BCA1E51F288318FD00242800 /* ToDoAppUITests */ = {
			isa = PBXGroup;
			children = (
				BCA1E520288318FD00242800 /* ToDoAppUITests.swift */,
				BCA1E522288318FD00242800 /* ToDoAppUITestsLaunchTests.swift */,
			);
			path = ToDoAppUITests;
			sourceTree = "<group>";
		};
		BCA1E53128831C6F00242800 /* Model */ = {
			isa = PBXGroup;
			children = (
				BCA1E52F28831B4E00242800 /* TaskTests.swift */,
				BCA1E53828840DFD00242800 /* LocationTests.swift */,
			);
			path = Model;
			sourceTree = "<group>";
		};
		BCA1E53428831CA400242800 /* Model */ = {
			isa = PBXGroup;
			children = (
				BCA1E53228831C8B00242800 /* TaskModel.swift */,
				BCA1E53628840A6800242800 /* LocationModel.swift */,
			);
			path = Model;
			sourceTree = "<group>";
		};
		BCA1E53528831CAD00242800 /* Controller */ = {
			isa = PBXGroup;
			children = (
				BCA1E503288318FB00242800 /* TaskListVC.swift */,
			);
			path = Controller;
			sourceTree = "<group>";
		};
		BCA1E53E2884192300242800 /* Manager */ = {
			isa = PBXGroup;
			children = (
				BCA1E53C2884191700242800 /* TaskManagerTests.swift */,
			);
			path = Manager;
			sourceTree = "<group>";
		};
		BCA1E5412885AB8B00242800 /* Controller */ = {
			isa = PBXGroup;
			children = (
				BCA1E53F2885AB7F00242800 /* TaskListVCTests.swift */,
			);
			path = Controller;
			sourceTree = "<group>";
		};
/* End PBXGroup section */

/* Begin PBXNativeTarget section */
		BCA1E4FB288318FB00242800 /* ToDoApp */ = {
			isa = PBXNativeTarget;
			buildConfigurationList = BCA1E526288318FD00242800 /* Build configuration list for PBXNativeTarget "ToDoApp" */;
			buildPhases = (
				BCA1E4F8288318FB00242800 /* Sources */,
				BCA1E4F9288318FB00242800 /* Frameworks */,
				BCA1E4FA288318FB00242800 /* Resources */,
			);
			buildRules = (
			);
			dependencies = (
			);
			name = ToDoApp;
			productName = ToDoApp;
			productReference = BCA1E4FC288318FB00242800 /* ToDoApp.app */;
			productType = "com.apple.product-type.application";
		};
		BCA1E511288318FD00242800 /* ToDoAppTests */ = {
			isa = PBXNativeTarget;
			buildConfigurationList = BCA1E529288318FD00242800 /* Build configuration list for PBXNativeTarget "ToDoAppTests" */;
			buildPhases = (
				BCA1E50E288318FD00242800 /* Sources */,
				BCA1E50F288318FD00242800 /* Frameworks */,
				BCA1E510288318FD00242800 /* Resources */,
			);
			buildRules = (
			);
			dependencies = (
				BCA1E514288318FD00242800 /* PBXTargetDependency */,
			);
			name = ToDoAppTests;
			productName = ToDoAppTests;
			productReference = BCA1E512288318FD00242800 /* ToDoAppTests.xctest */;
			productType = "com.apple.product-type.bundle.unit-test";
		};
		BCA1E51B288318FD00242800 /* ToDoAppUITests */ = {
			isa = PBXNativeTarget;
			buildConfigurationList = BCA1E52C288318FD00242800 /* Build configuration list for PBXNativeTarget "ToDoAppUITests" */;
			buildPhases = (
				BCA1E518288318FD00242800 /* Sources */,
				BCA1E519288318FD00242800 /* Frameworks */,
				BCA1E51A288318FD00242800 /* Resources */,
			);
			buildRules = (
			);
			dependencies = (
				BCA1E51E288318FD00242800 /* PBXTargetDependency */,
			);
			name = ToDoAppUITests;
			productName = ToDoAppUITests;
			productReference = BCA1E51C288318FD00242800 /* ToDoAppUITests.xctest */;
			productType = "com.apple.product-type.bundle.ui-testing";
		};
/* End PBXNativeTarget section */

/* Begin PBXProject section */
		BCA1E4F4288318FA00242800 /* Project object */ = {
			isa = PBXProject;
			attributes = {
				BuildIndependentTargetsInParallel = 1;
				LastSwiftUpdateCheck = 1340;
				LastUpgradeCheck = 1340;
				TargetAttributes = {
					BCA1E4FB288318FB00242800 = {
						CreatedOnToolsVersion = 13.4.1;
					};
					BCA1E511288318FD00242800 = {
						CreatedOnToolsVersion = 13.4.1;
						TestTargetID = BCA1E4FB288318FB00242800;
					};
					BCA1E51B288318FD00242800 = {
						CreatedOnToolsVersion = 13.4.1;
						TestTargetID = BCA1E4FB288318FB00242800;
					};
				};
			};
			buildConfigurationList = BCA1E4F7288318FA00242800 /* Build configuration list for PBXProject "ToDoApp" */;
			compatibilityVersion = "Xcode 13.0";
			developmentRegion = en;
			hasScannedForEncodings = 0;
			knownRegions = (
				en,
				Base,
			);
			mainGroup = BCA1E4F3288318FA00242800;
			productRefGroup = BCA1E4FD288318FB00242800 /* Products */;
			projectDirPath = "";
			projectRoot = "";
			targets = (
				BCA1E4FB288318FB00242800 /* ToDoApp */,
				BCA1E511288318FD00242800 /* ToDoAppTests */,
				BCA1E51B288318FD00242800 /* ToDoAppUITests */,
			);
		};
/* End PBXProject section */

/* Begin PBXResourcesBuildPhase section */
		BCA1E4FA288318FB00242800 /* Resources */ = {
			isa = PBXResourcesBuildPhase;
			buildActionMask = 2147483647;
			files = (
				BCA1E50C288318FC00242800 /* LaunchScreen.storyboard in Resources */,
				BCA1E509288318FC00242800 /* Assets.xcassets in Resources */,
				BCA1E507288318FB00242800 /* Main.storyboard in Resources */,
			);
			runOnlyForDeploymentPostprocessing = 0;
		};
		BCA1E510288318FD00242800 /* Resources */ = {
			isa = PBXResourcesBuildPhase;
			buildActionMask = 2147483647;
			files = (
			);
			runOnlyForDeploymentPostprocessing = 0;
		};
		BCA1E51A288318FD00242800 /* Resources */ = {
			isa = PBXResourcesBuildPhase;
			buildActionMask = 2147483647;
			files = (
			);
			runOnlyForDeploymentPostprocessing = 0;
		};
/* End PBXResourcesBuildPhase section */

/* Begin PBXSourcesBuildPhase section */
		BCA1E4F8288318FB00242800 /* Sources */ = {
			isa = PBXSourcesBuildPhase;
			buildActionMask = 2147483647;
			files = (
				BCA1E53B288418CA00242800 /* TaskManager.swift in Sources */,
				BCA1E504288318FB00242800 /* TaskListVC.swift in Sources */,
				BCA1E500288318FB00242800 /* AppDelegate.swift in Sources */,
				BCA1E53328831C8B00242800 /* TaskModel.swift in Sources */,
				BCA1E53728840A6800242800 /* LocationModel.swift in Sources */,
				BCA1E502288318FB00242800 /* SceneDelegate.swift in Sources */,
			);
			runOnlyForDeploymentPostprocessing = 0;
		};
		BCA1E50E288318FD00242800 /* Sources */ = {
			isa = PBXSourcesBuildPhase;
			buildActionMask = 2147483647;
			files = (
				BCA1E5402885AB7F00242800 /* TaskListVCTests.swift in Sources */,
				BCA1E53028831B4E00242800 /* TaskTests.swift in Sources */,
				BCA1E53928840DFD00242800 /* LocationTests.swift in Sources */,
				BCA1E53D2884191700242800 /* TaskManagerTests.swift in Sources */,
				BCA1E517288318FD00242800 /* ToDoAppTests.swift in Sources */,
			);
			runOnlyForDeploymentPostprocessing = 0;
		};
		BCA1E518288318FD00242800 /* Sources */ = {
			isa = PBXSourcesBuildPhase;
			buildActionMask = 2147483647;
			files = (
				BCA1E523288318FD00242800 /* ToDoAppUITestsLaunchTests.swift in Sources */,
				BCA1E521288318FD00242800 /* ToDoAppUITests.swift in Sources */,
			);
			runOnlyForDeploymentPostprocessing = 0;
		};
/* End PBXSourcesBuildPhase section */

/* Begin PBXTargetDependency section */
		BCA1E514288318FD00242800 /* PBXTargetDependency */ = {
			isa = PBXTargetDependency;
			target = BCA1E4FB288318FB00242800 /* ToDoApp */;
			targetProxy = BCA1E513288318FD00242800 /* PBXContainerItemProxy */;
		};
		BCA1E51E288318FD00242800 /* PBXTargetDependency */ = {
			isa = PBXTargetDependency;
			target = BCA1E4FB288318FB00242800 /* ToDoApp */;
			targetProxy = BCA1E51D288318FD00242800 /* PBXContainerItemProxy */;
		};
/* End PBXTargetDependency section */

/* Begin PBXVariantGroup section */
		BCA1E505288318FB00242800 /* Main.storyboard */ = {
			isa = PBXVariantGroup;
			children = (
				BCA1E506288318FB00242800 /* Base */,
			);
			name = Main.storyboard;
			sourceTree = "<group>";
		};
		BCA1E50A288318FC00242800 /* LaunchScreen.storyboard */ = {
			isa = PBXVariantGroup;
			children = (
				BCA1E50B288318FC00242800 /* Base */,
			);
			name = LaunchScreen.storyboard;
			sourceTree = "<group>";
		};
/* End PBXVariantGroup section */

/* Begin XCBuildConfiguration section */
		BCA1E524288318FD00242800 /* Debug */ = {
			isa = XCBuildConfiguration;
			buildSettings = {
				ALWAYS_SEARCH_USER_PATHS = NO;
				CLANG_ANALYZER_NONNULL = YES;
				CLANG_ANALYZER_NUMBER_OBJECT_CONVERSION = YES_AGGRESSIVE;
				CLANG_CXX_LANGUAGE_STANDARD = "gnu++17";
				CLANG_ENABLE_MODULES = YES;
				CLANG_ENABLE_OBJC_ARC = YES;
				CLANG_ENABLE_OBJC_WEAK = YES;
				CLANG_WARN_BLOCK_CAPTURE_AUTORELEASING = YES;
				CLANG_WARN_BOOL_CONVERSION = YES;
				CLANG_WARN_COMMA = YES;
				CLANG_WARN_CONSTANT_CONVERSION = YES;
				CLANG_WARN_DEPRECATED_OBJC_IMPLEMENTATIONS = YES;
				CLANG_WARN_DIRECT_OBJC_ISA_USAGE = YES_ERROR;
				CLANG_WARN_DOCUMENTATION_COMMENTS = YES;
				CLANG_WARN_EMPTY_BODY = YES;
				CLANG_WARN_ENUM_CONVERSION = YES;
				CLANG_WARN_INFINITE_RECURSION = YES;
				CLANG_WARN_INT_CONVERSION = YES;
				CLANG_WARN_NON_LITERAL_NULL_CONVERSION = YES;
				CLANG_WARN_OBJC_IMPLICIT_RETAIN_SELF = YES;
				CLANG_WARN_OBJC_LITERAL_CONVERSION = YES;
				CLANG_WARN_OBJC_ROOT_CLASS = YES_ERROR;
				CLANG_WARN_QUOTED_INCLUDE_IN_FRAMEWORK_HEADER = YES;
				CLANG_WARN_RANGE_LOOP_ANALYSIS = YES;
				CLANG_WARN_STRICT_PROTOTYPES = YES;
				CLANG_WARN_SUSPICIOUS_MOVE = YES;
				CLANG_WARN_UNGUARDED_AVAILABILITY = YES_AGGRESSIVE;
				CLANG_WARN_UNREACHABLE_CODE = YES;
				CLANG_WARN__DUPLICATE_METHOD_MATCH = YES;
				COPY_PHASE_STRIP = NO;
				DEBUG_INFORMATION_FORMAT = dwarf;
				ENABLE_STRICT_OBJC_MSGSEND = YES;
				ENABLE_TESTABILITY = YES;
				GCC_C_LANGUAGE_STANDARD = gnu11;
				GCC_DYNAMIC_NO_PIC = NO;
				GCC_NO_COMMON_BLOCKS = YES;
				GCC_OPTIMIZATION_LEVEL = 0;
				GCC_PREPROCESSOR_DEFINITIONS = (
					"DEBUG=1",
					"$(inherited)",
				);
				GCC_WARN_64_TO_32_BIT_CONVERSION = YES;
				GCC_WARN_ABOUT_RETURN_TYPE = YES_ERROR;
				GCC_WARN_UNDECLARED_SELECTOR = YES;
				GCC_WARN_UNINITIALIZED_AUTOS = YES_AGGRESSIVE;
				GCC_WARN_UNUSED_FUNCTION = YES;
				GCC_WARN_UNUSED_VARIABLE = YES;
				IPHONEOS_DEPLOYMENT_TARGET = 15.5;
				MTL_ENABLE_DEBUG_INFO = INCLUDE_SOURCE;
				MTL_FAST_MATH = YES;
				ONLY_ACTIVE_ARCH = YES;
				SDKROOT = iphoneos;
				SWIFT_ACTIVE_COMPILATION_CONDITIONS = DEBUG;
				SWIFT_OPTIMIZATION_LEVEL = "-Onone";
			};
			name = Debug;
		};
		BCA1E525288318FD00242800 /* Release */ = {
			isa = XCBuildConfiguration;
			buildSettings = {
				ALWAYS_SEARCH_USER_PATHS = NO;
				CLANG_ANALYZER_NONNULL = YES;
				CLANG_ANALYZER_NUMBER_OBJECT_CONVERSION = YES_AGGRESSIVE;
				CLANG_CXX_LANGUAGE_STANDARD = "gnu++17";
				CLANG_ENABLE_MODULES = YES;
				CLANG_ENABLE_OBJC_ARC = YES;
				CLANG_ENABLE_OBJC_WEAK = YES;
				CLANG_WARN_BLOCK_CAPTURE_AUTORELEASING = YES;
				CLANG_WARN_BOOL_CONVERSION = YES;
				CLANG_WARN_COMMA = YES;
				CLANG_WARN_CONSTANT_CONVERSION = YES;
				CLANG_WARN_DEPRECATED_OBJC_IMPLEMENTATIONS = YES;
				CLANG_WARN_DIRECT_OBJC_ISA_USAGE = YES_ERROR;
				CLANG_WARN_DOCUMENTATION_COMMENTS = YES;
				CLANG_WARN_EMPTY_BODY = YES;
				CLANG_WARN_ENUM_CONVERSION = YES;
				CLANG_WARN_INFINITE_RECURSION = YES;
				CLANG_WARN_INT_CONVERSION = YES;
				CLANG_WARN_NON_LITERAL_NULL_CONVERSION = YES;
				CLANG_WARN_OBJC_IMPLICIT_RETAIN_SELF = YES;
				CLANG_WARN_OBJC_LITERAL_CONVERSION = YES;
				CLANG_WARN_OBJC_ROOT_CLASS = YES_ERROR;
				CLANG_WARN_QUOTED_INCLUDE_IN_FRAMEWORK_HEADER = YES;
				CLANG_WARN_RANGE_LOOP_ANALYSIS = YES;
				CLANG_WARN_STRICT_PROTOTYPES = YES;
				CLANG_WARN_SUSPICIOUS_MOVE = YES;
				CLANG_WARN_UNGUARDED_AVAILABILITY = YES_AGGRESSIVE;
				CLANG_WARN_UNREACHABLE_CODE = YES;
				CLANG_WARN__DUPLICATE_METHOD_MATCH = YES;
				COPY_PHASE_STRIP = NO;
				DEBUG_INFORMATION_FORMAT = "dwarf-with-dsym";
				ENABLE_NS_ASSERTIONS = NO;
				ENABLE_STRICT_OBJC_MSGSEND = YES;
				GCC_C_LANGUAGE_STANDARD = gnu11;
				GCC_NO_COMMON_BLOCKS = YES;
				GCC_WARN_64_TO_32_BIT_CONVERSION = YES;
				GCC_WARN_ABOUT_RETURN_TYPE = YES_ERROR;
				GCC_WARN_UNDECLARED_SELECTOR = YES;
				GCC_WARN_UNINITIALIZED_AUTOS = YES_AGGRESSIVE;
				GCC_WARN_UNUSED_FUNCTION = YES;
				GCC_WARN_UNUSED_VARIABLE = YES;
				IPHONEOS_DEPLOYMENT_TARGET = 15.5;
				MTL_ENABLE_DEBUG_INFO = NO;
				MTL_FAST_MATH = YES;
				SDKROOT = iphoneos;
				SWIFT_COMPILATION_MODE = wholemodule;
				SWIFT_OPTIMIZATION_LEVEL = "-O";
				VALIDATE_PRODUCT = YES;
			};
			name = Release;
		};
		BCA1E527288318FD00242800 /* Debug */ = {
			isa = XCBuildConfiguration;
			buildSettings = {
				ASSETCATALOG_COMPILER_APPICON_NAME = AppIcon;
				ASSETCATALOG_COMPILER_GLOBAL_ACCENT_COLOR_NAME = AccentColor;
				CODE_SIGN_STYLE = Automatic;
				CURRENT_PROJECT_VERSION = 1;
				DEVELOPMENT_TEAM = K33FXWL25N;
				GENERATE_INFOPLIST_FILE = YES;
				INFOPLIST_FILE = ToDoApp/Info.plist;
				INFOPLIST_KEY_UIApplicationSupportsIndirectInputEvents = YES;
				INFOPLIST_KEY_UILaunchStoryboardName = LaunchScreen;
				INFOPLIST_KEY_UIMainStoryboardFile = Main;
				INFOPLIST_KEY_UISupportedInterfaceOrientations_iPad = "UIInterfaceOrientationPortrait UIInterfaceOrientationPortraitUpsideDown UIInterfaceOrientationLandscapeLeft UIInterfaceOrientationLandscapeRight";
				INFOPLIST_KEY_UISupportedInterfaceOrientations_iPhone = "UIInterfaceOrientationPortrait UIInterfaceOrientationLandscapeLeft UIInterfaceOrientationLandscapeRight";
				LD_RUNPATH_SEARCH_PATHS = (
					"$(inherited)",
					"@executable_path/Frameworks",
				);
				MARKETING_VERSION = 1.0;
				PRODUCT_BUNDLE_IDENTIFIER = co.AOS.ToDoApp;
				PRODUCT_NAME = "$(TARGET_NAME)";
				SWIFT_EMIT_LOC_STRINGS = YES;
				SWIFT_VERSION = 5.0;
				TARGETED_DEVICE_FAMILY = "1,2";
			};
			name = Debug;
		};
		BCA1E528288318FD00242800 /* Release */ = {
			isa = XCBuildConfiguration;
			buildSettings = {
				ASSETCATALOG_COMPILER_APPICON_NAME = AppIcon;
				ASSETCATALOG_COMPILER_GLOBAL_ACCENT_COLOR_NAME = AccentColor;
				CODE_SIGN_STYLE = Automatic;
				CURRENT_PROJECT_VERSION = 1;
				DEVELOPMENT_TEAM = K33FXWL25N;
				GENERATE_INFOPLIST_FILE = YES;
				INFOPLIST_FILE = ToDoApp/Info.plist;
				INFOPLIST_KEY_UIApplicationSupportsIndirectInputEvents = YES;
				INFOPLIST_KEY_UILaunchStoryboardName = LaunchScreen;
				INFOPLIST_KEY_UIMainStoryboardFile = Main;
				INFOPLIST_KEY_UISupportedInterfaceOrientations_iPad = "UIInterfaceOrientationPortrait UIInterfaceOrientationPortraitUpsideDown UIInterfaceOrientationLandscapeLeft UIInterfaceOrientationLandscapeRight";
				INFOPLIST_KEY_UISupportedInterfaceOrientations_iPhone = "UIInterfaceOrientationPortrait UIInterfaceOrientationLandscapeLeft UIInterfaceOrientationLandscapeRight";
				LD_RUNPATH_SEARCH_PATHS = (
					"$(inherited)",
					"@executable_path/Frameworks",
				);
				MARKETING_VERSION = 1.0;
				PRODUCT_BUNDLE_IDENTIFIER = co.AOS.ToDoApp;
				PRODUCT_NAME = "$(TARGET_NAME)";
				SWIFT_EMIT_LOC_STRINGS = YES;
				SWIFT_VERSION = 5.0;
				TARGETED_DEVICE_FAMILY = "1,2";
			};
			name = Release;
		};
		BCA1E52A288318FD00242800 /* Debug */ = {
			isa = XCBuildConfiguration;
			buildSettings = {
				ALWAYS_EMBED_SWIFT_STANDARD_LIBRARIES = YES;
				BUNDLE_LOADER = "$(TEST_HOST)";
				CODE_SIGN_STYLE = Automatic;
				CURRENT_PROJECT_VERSION = 1;
				DEVELOPMENT_TEAM = K33FXWL25N;
				GENERATE_INFOPLIST_FILE = YES;
				IPHONEOS_DEPLOYMENT_TARGET = 15.5;
				MARKETING_VERSION = 1.0;
				PRODUCT_BUNDLE_IDENTIFIER = co.AOS.ToDoAppTests;
				PRODUCT_NAME = "$(TARGET_NAME)";
				SWIFT_EMIT_LOC_STRINGS = NO;
				SWIFT_VERSION = 5.0;
				TARGETED_DEVICE_FAMILY = "1,2";
				TEST_HOST = "$(BUILT_PRODUCTS_DIR)/ToDoApp.app/ToDoApp";
			};
			name = Debug;
		};
		BCA1E52B288318FD00242800 /* Release */ = {
			isa = XCBuildConfiguration;
			buildSettings = {
				ALWAYS_EMBED_SWIFT_STANDARD_LIBRARIES = YES;
				BUNDLE_LOADER = "$(TEST_HOST)";
				CODE_SIGN_STYLE = Automatic;
				CURRENT_PROJECT_VERSION = 1;
				DEVELOPMENT_TEAM = K33FXWL25N;
				GENERATE_INFOPLIST_FILE = YES;
				IPHONEOS_DEPLOYMENT_TARGET = 15.5;
				MARKETING_VERSION = 1.0;
				PRODUCT_BUNDLE_IDENTIFIER = co.AOS.ToDoAppTests;
				PRODUCT_NAME = "$(TARGET_NAME)";
				SWIFT_EMIT_LOC_STRINGS = NO;
				SWIFT_VERSION = 5.0;
				TARGETED_DEVICE_FAMILY = "1,2";
				TEST_HOST = "$(BUILT_PRODUCTS_DIR)/ToDoApp.app/ToDoApp";
			};
			name = Release;
		};
		BCA1E52D288318FD00242800 /* Debug */ = {
			isa = XCBuildConfiguration;
			buildSettings = {
				ALWAYS_EMBED_SWIFT_STANDARD_LIBRARIES = YES;
				CODE_SIGN_STYLE = Automatic;
				CURRENT_PROJECT_VERSION = 1;
				DEVELOPMENT_TEAM = K33FXWL25N;
				GENERATE_INFOPLIST_FILE = YES;
				MARKETING_VERSION = 1.0;
				PRODUCT_BUNDLE_IDENTIFIER = co.AOS.ToDoAppUITests;
				PRODUCT_NAME = "$(TARGET_NAME)";
				SWIFT_EMIT_LOC_STRINGS = NO;
				SWIFT_VERSION = 5.0;
				TARGETED_DEVICE_FAMILY = "1,2";
				TEST_TARGET_NAME = ToDoApp;
			};
			name = Debug;
		};
		BCA1E52E288318FD00242800 /* Release */ = {
			isa = XCBuildConfiguration;
			buildSettings = {
				ALWAYS_EMBED_SWIFT_STANDARD_LIBRARIES = YES;
				CODE_SIGN_STYLE = Automatic;
				CURRENT_PROJECT_VERSION = 1;
				DEVELOPMENT_TEAM = K33FXWL25N;
				GENERATE_INFOPLIST_FILE = YES;
				MARKETING_VERSION = 1.0;
				PRODUCT_BUNDLE_IDENTIFIER = co.AOS.ToDoAppUITests;
				PRODUCT_NAME = "$(TARGET_NAME)";
				SWIFT_EMIT_LOC_STRINGS = NO;
				SWIFT_VERSION = 5.0;
				TARGETED_DEVICE_FAMILY = "1,2";
				TEST_TARGET_NAME = ToDoApp;
			};
			name = Release;
		};
/* End XCBuildConfiguration section */

/* Begin XCConfigurationList section */
		BCA1E4F7288318FA00242800 /* Build configuration list for PBXProject "ToDoApp" */ = {
			isa = XCConfigurationList;
			buildConfigurations = (
				BCA1E524288318FD00242800 /* Debug */,
				BCA1E525288318FD00242800 /* Release */,
			);
			defaultConfigurationIsVisible = 0;
			defaultConfigurationName = Release;
		};
		BCA1E526288318FD00242800 /* Build configuration list for PBXNativeTarget "ToDoApp" */ = {
			isa = XCConfigurationList;
			buildConfigurations = (
				BCA1E527288318FD00242800 /* Debug */,
				BCA1E528288318FD00242800 /* Release */,
			);
			defaultConfigurationIsVisible = 0;
			defaultConfigurationName = Release;
		};
		BCA1E529288318FD00242800 /* Build configuration list for PBXNativeTarget "ToDoAppTests" */ = {
			isa = XCConfigurationList;
			buildConfigurations = (
				BCA1E52A288318FD00242800 /* Debug */,
				BCA1E52B288318FD00242800 /* Release */,
			);
			defaultConfigurationIsVisible = 0;
			defaultConfigurationName = Release;
		};
		BCA1E52C288318FD00242800 /* Build configuration list for PBXNativeTarget "ToDoAppUITests" */ = {
			isa = XCConfigurationList;
			buildConfigurations = (
				BCA1E52D288318FD00242800 /* Debug */,
				BCA1E52E288318FD00242800 /* Release */,
			);
			defaultConfigurationIsVisible = 0;
			defaultConfigurationName = Release;
		};
/* End XCConfigurationList section */
	};
	rootObject = BCA1E4F4288318FA00242800 /* Project object */;
}
